# This file is automatically @generated by Cargo.
# It is not intended for manual editing.
version = 3

[[package]]
name = "schwitzerflut-client"
version = "0.1.0"

[[package]]
name = "schwitzerflut-protocol"
version = "0.1.0"

[[package]]
name = "schwitzerflut-renderer"
version = "0.1.0"

[[package]]
name = "schwitzerflut-server"
version = "0.1.0"
